
Microsoft Visual Studio Solution File, Format Version 12.00
# Visual Studio Version 17
VisualStudioVersion = 17.0.31919.166
MinimumVisualStudioVersion = 10.0.40219.1
Project("{FAE04EC0-301F-11D3-BF4B-00C04F79EFBC}") = "Present-connection", "Present-connection\Present-connection.csproj", "{7CA0C4C5-7E53-4AC3-A2EA-9AE09D644962}"
EndProject
Global
	GlobalSection(SolutionConfigurationPlatforms) = preSolution
		Debug|Any CPU = Debug|Any CPU
		Release|Any CPU = Release|Any CPU
	EndGlobalSection
	GlobalSection(ProjectConfigurationPlatforms) = postSolution
		{7CA0C4C5-7E53-4AC3-A2EA-9AE09D644962}.Debug|Any CPU.ActiveCfg = Debug|Any CPU
		{7CA0C4C5-7E53-4AC3-A2EA-9AE09D644962}.Debug|Any CPU.Build.0 = Debug|Any CPU
		{7CA0C4C5-7E53-4AC3-A2EA-9AE09D644962}.Release|Any CPU.ActiveCfg = Release|Any CPU
		{7CA0C4C5-7E53-4AC3-A2EA-9AE09D644962}.Release|Any CPU.Build.0 = Release|Any CPU
	EndGlobalSection
	GlobalSection(SolutionProperties) = preSolution
		HideSolutionNode = FALSE
	EndGlobalSection
	GlobalSection(ExtensibilityGlobals) = postSolution
		SolutionGuid = {87D8406C-7A5A-4815-94B4-CBC416243115}
	EndGlobalSection
EndGlobal
